// !$*UTF8*$!
{
	archiveVersion = 1;
	classes = {
	};
	objectVersion = 46;
	objects = {

/* Begin PBXBuildFile section */
		B0E20B161B58B20F0055110F /* AppDelegate.swift in Sources */ = {isa = PBXBuildFile; fileRef = B0E20B151B58B20F0055110F /* AppDelegate.swift */; };
		B0E20B181B58B20F0055110F /* ViewController.swift in Sources */ = {isa = PBXBuildFile; fileRef = B0E20B171B58B20F0055110F /* ViewController.swift */; };
		B0E20B1B1B58B20F0055110F /* Main.storyboard in Resources */ = {isa = PBXBuildFile; fileRef = B0E20B191B58B20F0055110F /* Main.storyboard */; };
		B0E20B1D1B58B20F0055110F /* Images.xcassets in Resources */ = {isa = PBXBuildFile; fileRef = B0E20B1C1B58B20F0055110F /* Images.xcassets */; };
		B0E20B201B58B20F0055110F /* LaunchScreen.xib in Resources */ = {isa = PBXBuildFile; fileRef = B0E20B1E1B58B20F0055110F /* LaunchScreen.xib */; };
		B0E20B2C1B58B20F0055110F /* Times_TablesTests.swift in Sources */ = {isa = PBXBuildFile; fileRef = B0E20B2B1B58B20F0055110F /* Times_TablesTests.swift */; };
/* End PBXBuildFile section */

/* Begin PBXContainerItemProxy section */
		B0E20B261B58B20F0055110F /* PBXContainerItemProxy */ = {
			isa = PBXContainerItemProxy;
			containerPortal = B0E20B081B58B20F0055110F /* Project object */;
			proxyType = 1;
			remoteGlobalIDString = B0E20B0F1B58B20F0055110F;
			remoteInfo = "Times Tables";
		};
/* End PBXContainerItemProxy section */

/* Begin PBXFileReference section */
		B0E20B101B58B20F0055110F /* Times Tables.app */ = {isa = PBXFileReference; explicitFileType = wrapper.application; includeInIndex = 0; path = "Times Tables.app"; sourceTree = BUILT_PRODUCTS_DIR; };
		B0E20B141B58B20F0055110F /* Info.plist */ = {isa = PBXFileReference; lastKnownFileType = text.plist.xml; path = Info.plist; sourceTree = "<group>"; };
		B0E20B151B58B20F0055110F /* AppDelegate.swift */ = {isa = PBXFileReference; lastKnownFileType = sourcecode.swift; path = AppDelegate.swift; sourceTree = "<group>"; };
		B0E20B171B58B20F0055110F /* ViewController.swift */ = {isa = PBXFileReference; lastKnownFileType = sourcecode.swift; path = ViewController.swift; sourceTree = "<group>"; };
		B0E20B1A1B58B20F0055110F /* Base */ = {isa = PBXFileReference; lastKnownFileType = file.storyboard; name = Base; path = Base.lproj/Main.storyboard; sourceTree = "<group>"; };
		B0E20B1C1B58B20F0055110F /* Images.xcassets */ = {isa = PBXFileReference; lastKnownFileType = folder.assetcatalog; path = Images.xcassets; sourceTree = "<group>"; };
		B0E20B1F1B58B20F0055110F /* Base */ = {isa = PBXFileReference; lastKnownFileType = file.xib; name = Base; path = Base.lproj/LaunchScreen.xib; sourceTree = "<group>"; };
		B0E20B251B58B20F0055110F /* Times TablesTests.xctest */ = {isa = PBXFileReference; explicitFileType = wrapper.cfbundle; includeInIndex = 0; path = "Times TablesTests.xctest"; sourceTree = BUILT_PRODUCTS_DIR; };
		B0E20B2A1B58B20F0055110F /* Info.plist */ = {isa = PBXFileReference; lastKnownFileType = text.plist.xml; path = Info.plist; sourceTree = "<group>"; };
		B0E20B2B1B58B20F0055110F /* Times_TablesTests.swift */ = {isa = PBXFileReference; lastKnownFileType = sourcecode.swift; path = Times_TablesTests.swift; sourceTree = "<group>"; };
/* End PBXFileReference section */

/* Begin PBXFrameworksBuildPhase section */
		B0E20B0D1B58B20F0055110F /* Frameworks */ = {
			isa = PBXFrameworksBuildPhase;
			buildActionMask = 2147483647;
			files = (
			);
			runOnlyForDeploymentPostprocessing = 0;
		};
		B0E20B221B58B20F0055110F /* Frameworks */ = {
			isa = PBXFrameworksBuildPhase;
			buildActionMask = 2147483647;
			files = (
			);
			runOnlyForDeploymentPostprocessing = 0;
		};
/* End PBXFrameworksBuildPhase section */

/* Begin PBXGroup section */
		B0E20B071B58B20F0055110F = {
			isa = PBXGroup;
			children = (
				B0E20B121B58B20F0055110F /* Times Tables */,
				B0E20B281B58B20F0055110F /* Times TablesTests */,
				B0E20B111B58B20F0055110F /* Products */,
			);
			sourceTree = "<group>";
		};
		B0E20B111B58B20F0055110F /* Products */ = {
			isa = PBXGroup;
			children = (
				B0E20B101B58B20F0055110F /* Times Tables.app */,
				B0E20B251B58B20F0055110F /* Times TablesTests.xctest */,
			);
			name = Products;
			sourceTree = "<group>";
		};
		B0E20B121B58B20F0055110F /* Times Tables */ = {
			isa = PBXGroup;
			children = (
				B0E20B151B58B20F0055110F /* AppDelegate.swift */,
				B0E20B171B58B20F0055110F /* ViewController.swift */,
				B0E20B191B58B20F0055110F /* Main.storyboard */,
				B0E20B1C1B58B20F0055110F /* Images.xcassets */,
				B0E20B1E1B58B20F0055110F /* LaunchScreen.xib */,
				B0E20B131B58B20F0055110F /* Supporting Files */,
			);
			path = "Times Tables";
			sourceTree = "<group>";
		};
		B0E20B131B58B20F0055110F /* Supporting Files */ = {
			isa = PBXGroup;
			children = (
				B0E20B141B58B20F0055110F /* Info.plist */,
			);
			name = "Supporting Files";
			sourceTree = "<group>";
		};
		B0E20B281B58B20F0055110F /* Times TablesTests */ = {
			isa = PBXGroup;
			children = (
				B0E20B2B1B58B20F0055110F /* Times_TablesTests.swift */,
				B0E20B291B58B20F0055110F /* Supporting Files */,
			);
			path = "Times TablesTests";
			sourceTree = "<group>";
		};
		B0E20B291B58B20F0055110F /* Supporting Files */ = {
			isa = PBXGroup;
			children = (
				B0E20B2A1B58B20F0055110F /* Info.plist */,
			);
			name = "Supporting Files";
			sourceTree = "<group>";
		};
/* End PBXGroup section */

/* Begin PBXNativeTarget section */
		B0E20B0F1B58B20F0055110F /* Times Tables */ = {
			isa = PBXNativeTarget;
			buildConfigurationList = B0E20B2F1B58B20F0055110F /* Build configuration list for PBXNativeTarget "Times Tables" */;
			buildPhases = (
				B0E20B0C1B58B20F0055110F /* Sources */,
				B0E20B0D1B58B20F0055110F /* Frameworks */,
				B0E20B0E1B58B20F0055110F /* Resources */,
			);
			buildRules = (
			);
			dependencies = (
			);
			name = "Times Tables";
			productName = "Times Tables";
			productReference = B0E20B101B58B20F0055110F /* Times Tables.app */;
			productType = "com.apple.product-type.application";
		};
		B0E20B241B58B20F0055110F /* Times TablesTests */ = {
			isa = PBXNativeTarget;
			buildConfigurationList = B0E20B321B58B20F0055110F /* Build configuration list for PBXNativeTarget "Times TablesTests" */;
			buildPhases = (
				B0E20B211B58B20F0055110F /* Sources */,
				B0E20B221B58B20F0055110F /* Frameworks */,
				B0E20B231B58B20F0055110F /* Resources */,
			);
			buildRules = (
			);
			dependencies = (
				B0E20B271B58B20F0055110F /* PBXTargetDependency */,
			);
			name = "Times TablesTests";
			productName = "Times TablesTests";
			productReference = B0E20B251B58B20F0055110F /* Times TablesTests.xctest */;
			productType = "com.apple.product-type.bundle.unit-test";
		};
/* End PBXNativeTarget section */

/* Begin PBXProject section */
		B0E20B081B58B20F0055110F /* Project object */ = {
			isa = PBXProject;
			attributes = {
				LastUpgradeCheck = 0640;
				ORGANIZATIONNAME = "Rahul Joshi";
				TargetAttributes = {
					B0E20B0F1B58B20F0055110F = {
						CreatedOnToolsVersion = 6.4;
					};
					B0E20B241B58B20F0055110F = {
						CreatedOnToolsVersion = 6.4;
						TestTargetID = B0E20B0F1B58B20F0055110F;
					};
				};
			};
			buildConfigurationList = B0E20B0B1B58B20F0055110F /* Build configuration list for PBXProject "Times Tables" */;
			compatibilityVersion = "Xcode 3.2";
			developmentRegion = English;
			hasScannedForEncodings = 0;
			knownRegions = (
				en,
				Base,
			);
			mainGroup = B0E20B071B58B20F0055110F;
			productRefGroup = B0E20B111B58B20F0055110F /* Products */;
			projectDirPath = "";
			projectRoot = "";
			targets = (
				B0E20B0F1B58B20F0055110F /* Times Tables */,
				B0E20B241B58B20F0055110F /* Times TablesTests */,
			);
		};
/* End PBXProject section */

/* Begin PBXResourcesBuildPhase section */
		B0E20B0E1B58B20F0055110F /* Resources */ = {
			isa = PBXResourcesBuildPhase;
			buildActionMask = 2147483647;
			files = (
				B0E20B1B1B58B20F0055110F /* Main.storyboard in Resources */,
				B0E20B201B58B20F0055110F /* LaunchScreen.xib in Resources */,
				B0E20B1D1B58B20F0055110F /* Images.xcassets in Resources */,
			);
			runOnlyForDeploymentPostprocessing = 0;
		};
		B0E20B231B58B20F0055110F /* Resources */ = {
			isa = PBXResourcesBuildPhase;
			buildActionMask = 2147483647;
			files = (
			);
			runOnlyForDeploymentPostprocessing = 0;
		};
/* End PBXResourcesBuildPhase section */

/* Begin PBXSourcesBuildPhase section */
		B0E20B0C1B58B20F0055110F /* Sources */ = {
			isa = PBXSourcesBuildPhase;
			buildActionMask = 2147483647;
			files = (
				B0E20B181B58B20F0055110F /* ViewController.swift in Sources */,
				B0E20B161B58B20F0055110F /* AppDelegate.swift in Sources */,
			);
			runOnlyForDeploymentPostprocessing = 0;
		};
		B0E20B211B58B20F0055110F /* Sources */ = {
			isa = PBXSourcesBuildPhase;
			buildActionMask = 2147483647;
			files = (
				B0E20B2C1B58B20F0055110F /* Times_TablesTests.swift in Sources */,
			);
			runOnlyForDeploymentPostprocessing = 0;
		};
/* End PBXSourcesBuildPhase section */

/* Begin PBXTargetDependency section */
		B0E20B271B58B20F0055110F /* PBXTargetDependency */ = {
			isa = PBXTargetDependency;
			target = B0E20B0F1B58B20F0055110F /* Times Tables */;
			targetProxy = B0E20B261B58B20F0055110F /* PBXContainerItemProxy */;
		};
/* End PBXTargetDependency section */

/* Begin PBXVariantGroup section */
		B0E20B191B58B20F0055110F /* Main.storyboard */ = {
			isa = PBXVariantGroup;
			children = (
				B0E20B1A1B58B20F0055110F /* Base */,
			);
			name = Main.storyboard;
			sourceTree = "<group>";
		};
		B0E20B1E1B58B20F0055110F /* LaunchScreen.xib */ = {
			isa = PBXVariantGroup;
			children = (
				B0E20B1F1B58B20F0055110F /* Base */,
			);
			name = LaunchScreen.xib;
			sourceTree = "<group>";
		};
/* End PBXVariantGroup section */

/* Begin XCBuildConfiguration section */
		B0E20B2D1B58B20F0055110F /* Debug */ = {
			isa = XCBuildConfiguration;
			buildSettings = {
				ALWAYS_SEARCH_USER_PATHS = NO;
				CLANG_CXX_LANGUAGE_STANDARD = "gnu++0x";
				CLANG_CXX_LIBRARY = "libc++";
				CLANG_ENABLE_MODULES = YES;
				CLANG_ENABLE_OBJC_ARC = YES;
				CLANG_WARN_BOOL_CONVERSION = YES;
				CLANG_WARN_CONSTANT_CONVERSION = YES;
				CLANG_WARN_DIRECT_OBJC_ISA_USAGE = YES_ERROR;
				CLANG_WARN_EMPTY_BODY = YES;
				CLANG_WARN_ENUM_CONVERSION = YES;
				CLANG_WARN_INT_CONVERSION = YES;
				CLANG_WARN_OBJC_ROOT_CLASS = YES_ERROR;
				CLANG_WARN_UNREACHABLE_CODE = YES;
				CLANG_WARN__DUPLICATE_METHOD_MATCH = YES;
				"CODE_SIGN_IDENTITY[sdk=iphoneos*]" = "iPhone Developer";
				COPY_PHASE_STRIP = NO;
				DEBUG_INFORMATION_FORMAT = "dwarf-with-dsym";
				ENABLE_STRICT_OBJC_MSGSEND = YES;
				GCC_C_LANGUAGE_STANDARD = gnu99;
				GCC_DYNAMIC_NO_PIC = NO;
				GCC_NO_COMMON_BLOCKS = YES;
				GCC_OPTIMIZATION_LEVEL = 0;
				GCC_PREPROCESSOR_DEFINITIONS = (
					"DEBUG=1",
					"$(inherited)",
				);
				GCC_SYMBOLS_PRIVATE_EXTERN = NO;
				GCC_WARN_64_TO_32_BIT_CONVERSION = YES;
				GCC_WARN_ABOUT_RETURN_TYPE = YES_ERROR;
				GCC_WARN_UNDECLARED_SELECTOR = YES;
				GCC_WARN_UNINITIALIZED_AUTOS = YES_AGGRESSIVE;
				GCC_WARN_UNUSED_FUNCTION = YES;
				GCC_WARN_UNUSED_VARIABLE = YES;
				IPHONEOS_DEPLOYMENT_TARGET = 8.4;
				MTL_ENABLE_DEBUG_INFO = YES;
				ONLY_ACTIVE_ARCH = YES;
				SDKROOT = iphoneos;
				SWIFT_OPTIMIZATION_LEVEL = "-Onone";
				TARGETED_DEVICE_FAMILY = "1,2";
			};
			name = Debug;
		};
		B0E20B2E1B58B20F0055110F /* Release */ = {
			isa = XCBuildConfiguration;
			buildSettings = {
				ALWAYS_SEARCH_USER_PATHS = NO;
				CLANG_CXX_LANGUAGE_STANDARD = "gnu++0x";
				CLANG_CXX_LIBRARY = "libc++";
				CLANG_ENABLE_MODULES = YES;
				CLANG_ENABLE_OBJC_ARC = YES;
				CLANG_WARN_BOOL_CONVERSION = YES;
				CLANG_WARN_CONSTANT_CONVERSION = YES;
				CLANG_WARN_DIRECT_OBJC_ISA_USAGE = YES_ERROR;
				CLANG_WARN_EMPTY_BODY = YES;
				CLANG_WARN_ENUM_CONVERSION = YES;
				CLANG_WARN_INT_CONVERSION = YES;
				CLANG_WARN_OBJC_ROOT_CLASS = YES_ERROR;
				CLANG_WARN_UNREACHABLE_CODE = YES;
				CLANG_WARN__DUPLICATE_METHOD_MATCH = YES;
				"CODE_SIGN_IDENTITY[sdk=iphoneos*]" = "iPhone Developer";
				COPY_PHASE_STRIP = NO;
				DEBUG_INFORMATION_FORMAT = "dwarf-with-dsym";
				ENABLE_NS_ASSERTIONS = NO;
				ENABLE_STRICT_OBJC_MSGSEND = YES;
				GCC_C_LANGUAGE_STANDARD = gnu99;
				GCC_NO_COMMON_BLOCKS = YES;
				GCC_WARN_64_TO_32_BIT_CONVERSION = YES;
				GCC_WARN_ABOUT_RETURN_TYPE = YES_ERROR;
				GCC_WARN_UNDECLARED_SELECTOR = YES;
				GCC_WARN_UNINITIALIZED_AUTOS = YES_AGGRESSIVE;
				GCC_WARN_UNUSED_FUNCTION = YES;
				GCC_WARN_UNUSED_VARIABLE = YES;
				IPHONEOS_DEPLOYMENT_TARGET = 8.4;
				MTL_ENABLE_DEBUG_INFO = NO;
				SDKROOT = iphoneos;
				TARGETED_DEVICE_FAMILY = "1,2";
				VALIDATE_PRODUCT = YES;
			};
			name = Release;
		};
		B0E20B301B58B20F0055110F /* Debug */ = {
			isa = XCBuildConfiguration;
			buildSettings = {
				ASSETCATALOG_COMPILER_APPICON_NAME = AppIcon;
				INFOPLIST_FILE = "Times Tables/Info.plist";
				LD_RUNPATH_SEARCH_PATHS = "$(inherited) @executable_path/Frameworks";
				PRODUCT_NAME = "$(TARGET_NAME)";
			};
			name = Debug;
		};
		B0E20B311B58B20F0055110F /* Release */ = {
			isa = XCBuildConfiguration;
			buildSettings = {
				ASSETCATALOG_COMPILER_APPICON_NAME = AppIcon;
				INFOPLIST_FILE = "Times Tables/Info.plist";
				LD_RUNPATH_SEARCH_PATHS = "$(inherited) @executable_path/Frameworks";
				PRODUCT_NAME = "$(TARGET_NAME)";
			};
			name = Release;
		};
		B0E20B331B58B20F0055110F /* Debug */ = {
			isa = XCBuildConfiguration;
			buildSettings = {
				BUNDLE_LOADER = "$(TEST_HOST)";
				FRAMEWORK_SEARCH_PATHS = (
					"$(SDKROOT)/Developer/Library/Frameworks",
					"$(inherited)",
				);
				GCC_PREPROCESSOR_DEFINITIONS = (
					"DEBUG=1",
					"$(inherited)",
				);
				INFOPLIST_FILE = "Times TablesTests/Info.plist";
				LD_RUNPATH_SEARCH_PATHS = "$(inherited) @executable_path/Frameworks @loader_path/Frameworks";
				PRODUCT_NAME = "$(TARGET_NAME)";
				TEST_HOST = "$(BUILT_PRODUCTS_DIR)/Times Tables.app/Times Tables";
			};
			name = Debug;
		};
		B0E20B341B58B20F0055110F /* Release */ = {
			isa = XCBuildConfiguration;
			buildSettings = {
				BUNDLE_LOADER = "$(TEST_HOST)";
				FRAMEWORK_SEARCH_PATHS = (
					"$(SDKROOT)/Developer/Library/Frameworks",
					"$(inherited)",
				);
				INFOPLIST_FILE = "Times TablesTests/Info.plist";
				LD_RUNPATH_SEARCH_PATHS = "$(inherited) @executable_path/Frameworks @loader_path/Frameworks";
				PRODUCT_NAME = "$(TARGET_NAME)";
				TEST_HOST = "$(BUILT_PRODUCTS_DIR)/Times Tables.app/Times Tables";
			};
			name = Release;
		};
/* End XCBuildConfiguration section */

/* Begin XCConfigurationList section */
		B0E20B0B1B58B20F0055110F /* Build configuration list for PBXProject "Times Tables" */ = {
			isa = XCConfigurationList;
			buildConfigurations = (
				B0E20B2D1B58B20F0055110F /* Debug */,
				B0E20B2E1B58B20F0055110F /* Release */,
			);
			defaultConfigurationIsVisible = 0;
			defaultConfigurationName = Release;
		};
		B0E20B2F1B58B20F0055110F /* Build configuration list for PBXNativeTarget "Times Tables" */ = {
			isa = XCConfigurationList;
			buildConfigurations = (
				B0E20B301B58B20F0055110F /* Debug */,
				B0E20B311B58B20F0055110F /* Release */,
			);
			defaultConfigurationIsVisible = 0;
		};
		B0E20B321B58B20F0055110F /* Build configuration list for PBXNativeTarget "Times TablesTests" */ = {
			isa = XCConfigurationList;
			buildConfigurations = (
				B0E20B331B58B20F0055110F /* Debug */,
				B0E20B341B58B20F0055110F /* Release */,
			);
			defaultConfigurationIsVisible = 0;
		};
/* End XCConfigurationList section */
	};
	rootObject = B0E20B081B58B20F0055110F /* Project object */;
}
